Microsoft Visual Studio Solution File, Format Version 11.00
# Visual Studio 2008

Project("{F2DD5B68-5D76-8917-333B-693732B7FAAE}") = "Real-Life-Cortana-For-HoloLens", "Assembly-CSharp.csproj", "{D76C2F83-E7AE-1D20-035E-373C328CF3E8}"
EndProject
Global
	GlobalSection(SolutionConfigurationPlatforms) = preSolution
		Debug|Any CPU = Debug|Any CPU
		Release|Any CPU = Release|Any CPU
	EndGlobalSection
	GlobalSection(ProjectConfigurationPlatforms) = postSolution
		{D76C2F83-E7AE-1D20-035E-373C328CF3E8}.Debug|Any CPU.ActiveCfg = Debug|Any CPU
		{D76C2F83-E7AE-1D20-035E-373C328CF3E8}.Debug|Any CPU.Build.0 = Debug|Any CPU
		{D76C2F83-E7AE-1D20-035E-373C328CF3E8}.Release|Any CPU.ActiveCfg = Release|Any CPU
		{D76C2F83-E7AE-1D20-035E-373C328CF3E8}.Release|Any CPU.Build.0 = Release|Any CPU
	EndGlobalSection
	GlobalSection(SolutionProperties) = preSolution
		HideSolutionNode = FALSE
	EndGlobalSection
	GlobalSection(MonoDevelopProperties) = preSolution
		StartupItem = Assembly-CSharp.csproj
	EndGlobalSection
EndGlobal
